<Solution>
  <Folder Name="/docs/" />
  <Folder Name="/src/">
    <Project Path="src/Document.Api/Document.Api.csproj" />
    <Project Path="src/Document.Application/Document.Application.csproj" />
    <Project Path="src/Document.Contracts/Document.Contracts.csproj" />
    <Project Path="src/Document.Domain/Document.Domain.csproj" />
    <Project Path="src/Document.Infrastructure/Document.Infrastructure.csproj" />
    <Project Path="src/Document.Processing/Document.Processing.csproj" />
  </Folder>
  <Folder Name="/tests/">
    <Project Path="tests/Document.Application.Tests/Document.Application.Tests.csproj" />
    <Project Path="tests/Document.IntegrationTests/Document.IntegrationTests.csproj" />
  </Folder>
</Solution>
